
Microsoft Visual Studio Solution File, Format Version 12.00
# Visual Studio Version 17
VisualStudioVersion = 17.14.36717.8
MinimumVisualStudioVersion = 10.0.40219.1
Project("{FAE04EC0-301F-11D3-BF4B-00C04F79EFBC}") = "SmartInventoryManagementSystem.API", "SmartInventoryManagementSystem.API\SmartInventoryManagementSystem.API.csproj", "{026161E1-E3D6-4407-AC8A-9EA922735C58}"
EndProject
Project("{FAE04EC0-301F-11D3-BF4B-00C04F79EFBC}") = "SmartInventoryManagementSystem.Application", "SmartInventoryManagementSystem.Application\SmartInventoryManagementSystem.Application.csproj", "{CF8719F8-EB0D-4466-AFFB-ECF42825570C}"
EndProject
Project("{FAE04EC0-301F-11D3-BF4B-00C04F79EFBC}") = "SmartInventoryManagementSystem.Domain", "SmartInventoryManagementSystem.Domain\SmartInventoryManagementSystem.Domain.csproj", "{DC627580-886E-4E4B-AF78-CB5D93B98AF6}"
EndProject
Project("{FAE04EC0-301F-11D3-BF4B-00C04F79EFBC}") = "SmartInventoryManagementSystem.Infrastructure", "SmartInventoryManagementSystem.Infrastructure\SmartInventoryManagementSystem.Infrastructure.csproj", "{7050D3F2-07D1-4F6D-A889-461197D86B39}"
	ProjectSection(ProjectDependencies) = postProject
		{CF8719F8-EB0D-4466-AFFB-ECF42825570C} = {CF8719F8-EB0D-4466-AFFB-ECF42825570C}
	EndProjectSection
EndProject
Project("{FAE04EC0-301F-11D3-BF4B-00C04F79EFBC}") = "SmartInventoryManagementSystem.Client", "SmartInventoryManagementSystem.Client\SmartInventoryManagementSystem.Client.csproj", "{30069AB1-4FA5-4FCB-AD07-62D818E7A4B8}"
EndProject
Project("{FAE04EC0-301F-11D3-BF4B-00C04F79EFBC}") = "SmartInventoryManagementSystem.UnitTests", "SmartInventoryManagementSystem.UnitTests\SmartInventoryManagementSystem.UnitTests.csproj", "{3B09935F-8E83-40A2-A820-8AA409D43C10}"
EndProject
Global
	GlobalSection(SolutionConfigurationPlatforms) = preSolution
		Debug|Any CPU = Debug|Any CPU
		Release|Any CPU = Release|Any CPU
	EndGlobalSection
	GlobalSection(ProjectConfigurationPlatforms) = postSolution
		{026161E1-E3D6-4407-AC8A-9EA922735C58}.Debug|Any CPU.ActiveCfg = Debug|Any CPU
		{026161E1-E3D6-4407-AC8A-9EA922735C58}.Debug|Any CPU.Build.0 = Debug|Any CPU
		{026161E1-E3D6-4407-AC8A-9EA922735C58}.Release|Any CPU.ActiveCfg = Release|Any CPU
		{026161E1-E3D6-4407-AC8A-9EA922735C58}.Release|Any CPU.Build.0 = Release|Any CPU
		{CF8719F8-EB0D-4466-AFFB-ECF42825570C}.Debug|Any CPU.ActiveCfg = Debug|Any CPU
		{CF8719F8-EB0D-4466-AFFB-ECF42825570C}.Debug|Any CPU.Build.0 = Debug|Any CPU
		{CF8719F8-EB0D-4466-AFFB-ECF42825570C}.Release|Any CPU.ActiveCfg = Release|Any CPU
		{CF8719F8-EB0D-4466-AFFB-ECF42825570C}.Release|Any CPU.Build.0 = Release|Any CPU
		{DC627580-886E-4E4B-AF78-CB5D93B98AF6}.Debug|Any CPU.ActiveCfg = Debug|Any CPU
		{DC627580-886E-4E4B-AF78-CB5D93B98AF6}.Debug|Any CPU.Build.0 = Debug|Any CPU
		{DC627580-886E-4E4B-AF78-CB5D93B98AF6}.Release|Any CPU.ActiveCfg = Release|Any CPU
		{DC627580-886E-4E4B-AF78-CB5D93B98AF6}.Release|Any CPU.Build.0 = Release|Any CPU
		{7050D3F2-07D1-4F6D-A889-461197D86B39}.Debug|Any CPU.ActiveCfg = Debug|Any CPU
		{7050D3F2-07D1-4F6D-A889-461197D86B39}.Debug|Any CPU.Build.0 = Debug|Any CPU
		{7050D3F2-07D1-4F6D-A889-461197D86B39}.Release|Any CPU.ActiveCfg = Release|Any CPU
		{7050D3F2-07D1-4F6D-A889-461197D86B39}.Release|Any CPU.Build.0 = Release|Any CPU
		{30069AB1-4FA5-4FCB-AD07-62D818E7A4B8}.Debug|Any CPU.ActiveCfg = Debug|Any CPU
		{30069AB1-4FA5-4FCB-AD07-62D818E7A4B8}.Debug|Any CPU.Build.0 = Debug|Any CPU
		{30069AB1-4FA5-4FCB-AD07-62D818E7A4B8}.Release|Any CPU.ActiveCfg = Release|Any CPU
		{30069AB1-4FA5-4FCB-AD07-62D818E7A4B8}.Release|Any CPU.Build.0 = Release|Any CPU
		{3B09935F-8E83-40A2-A820-8AA409D43C10}.Debug|Any CPU.ActiveCfg = Debug|Any CPU
		{3B09935F-8E83-40A2-A820-8AA409D43C10}.Debug|Any CPU.Build.0 = Debug|Any CPU
		{3B09935F-8E83-40A2-A820-8AA409D43C10}.Release|Any CPU.ActiveCfg = Release|Any CPU
		{3B09935F-8E83-40A2-A820-8AA409D43C10}.Release|Any CPU.Build.0 = Release|Any CPU
	EndGlobalSection
	GlobalSection(SolutionProperties) = preSolution
		HideSolutionNode = FALSE
	EndGlobalSection
	GlobalSection(ExtensibilityGlobals) = postSolution
		SolutionGuid = {572A0086-7012-4B88-B95D-1ABE256199B4}
	EndGlobalSection
EndGlobal
